<?xml version="1.0" encoding="utf-8"?>
<Project ToolsVersion="4.0" xmlns="http://schemas.microsoft.com/developer/msbuild/2003">
  <ItemGroup>
    <Filter Include="Source Files">
      <UniqueIdentifier>{4FC737F1-C7A5-4376-A066-2A32D752A2FF}</UniqueIdentifier>
      <Extensions>cpp;c;cc;cxx;def;odl;idl;hpj;bat;asm;asmx</Extensions>
    </Filter>
    <Filter Include="Header Files">
      <UniqueIdentifier>{93995380-89BD-4b04-88EB-625FBE52EBFB}</UniqueIdentifier>
      <Extensions>h;hh;hpp;hxx;hm;inl;inc;xsd</Extensions>
    </Filter>
    <Filter Include="Resource Files">
      <UniqueIdentifier>{67DA6AB6-F800-4c08-8B7A-83BB121AAD01}</UniqueIdentifier>
      <Extensions>rc;ico;cur;bmp;dlg;rc2;rct;bin;rgs;gif;jpg;jpeg;jpe;resx;tiff;tif;png;wav;mfcribbon-ms</Extensions>
    </Filter>
    <Filter Include="Source Files\Agents">
      <UniqueIdentifier>{b5d416c7-affc-4d93-8772-6ecdefee071c}</UniqueIdentifier>
    </Filter>
    <Filter Include="Header Files\Agents">
      <UniqueIdentifier>{941e6db1-4b0b-4642-9a86-7400d2ef8dd8}</UniqueIdentifier>
    </Filter>
    <Filter Include="Header Files\D2D">
      <UniqueIdentifier>{58d74c43-e6b7-401c-a72b-0b3a54563e33}</UniqueIdentifier>
    </Filter>
    <Filter Include="Header Files\Weapons">
      <UniqueIdentifier>{ee0ee9d3-8dfc-4b1c-9efb-d134acf98176}</UniqueIdentifier>
    </Filter>
    <Filter Include="Source Files\D2D">
      <UniqueIdentifier>{954016b0-bdd9-4733-8e57-b6549013be6a}</UniqueIdentifier>
    </Filter>
    <Filter Include="Source Files\Weapons">
      <UniqueIdentifier>{3fb0a467-adbb-4a2a-ba71-c8d1ed77cd80}</UniqueIdentifier>
    </Filter>
    <Filter Include="Header Files\Agents\Utility Based">
      <UniqueIdentifier>{ecb01451-2408-4bfd-bd3e-d79a235db070}</UniqueIdentifier>
    </Filter>
    <Filter Include="Source Files\Agents\Utility Based">
      <UniqueIdentifier>{e2cf35f1-3644-4ab3-8712-69ce179486f8}</UniqueIdentifier>
    </Filter>
    <Filter Include="Header Files\Map">
      <UniqueIdentifier>{d1bb8825-1bef-4e48-a8c7-96cce0da8d29}</UniqueIdentifier>
    </Filter>
    <Filter Include="Header Files\Agents\FSM Based">
      <UniqueIdentifier>{9947d36d-7c2e-4441-95db-7a0f0bcf36e3}</UniqueIdentifier>
    </Filter>
    <Filter Include="Source Files\Agents\FSM Based">
      <UniqueIdentifier>{8381cc51-d386-466f-8406-6f39e4caab27}</UniqueIdentifier>
    </Filter>
    <Filter Include="Source Files\Map">
      <UniqueIdentifier>{5e29e6b5-8520-4b90-bb34-c10e9a4dfe34}</UniqueIdentifier>
    </Filter>
    <Filter Include="Header Files\Agents\FSM Based\Statemachine">
      <UniqueIdentifier>{5c137114-69fc-4a0b-8aad-8ab1affd9ebd}</UniqueIdentifier>
    </Filter>
    <Filter Include="Header Files\Agents\FSM Based\Statemachine\Transistions">
      <UniqueIdentifier>{93d370b1-d1fa-4e13-8f74-a6660ce01439}</UniqueIdentifier>
    </Filter>
    <Filter Include="Source Files\Agents\FSM Based\StateMachine">
      <UniqueIdentifier>{5e1e7aac-85d3-4778-9548-5814c52c837d}</UniqueIdentifier>
    </Filter>
    <Filter Include="Source Files\Agents\FSM Based\StateMachine\Transistions">
      <UniqueIdentifier>{a407bb24-9bc2-4f65-8378-4a3d4f88ec49}</UniqueIdentifier>
    </Filter>
    <Filter Include="Header Files\Agents\FSM Based\Statemachine\States">
      <UniqueIdentifier>{b84ca09b-e317-4ff1-b387-883cbbafe877}</UniqueIdentifier>
    </Filter>
    <Filter Include="Source Files\Agents\FSM Based\StateMachine\States">
      <UniqueIdentifier>{adc5a8f4-b526-4d37-a82e-8c196e821140}</UniqueIdentifier>
    </Filter>
  </ItemGroup>
  <ItemGroup>
    <ClCompile Include="main.cpp">
      <Filter>Source Files</Filter>
    </ClCompile>
    <ClCompile Include="AISimulation.cpp">
      <Filter>Source Files</Filter>
    </ClCompile>
    <ClCompile Include="AIBase.cpp">
      <Filter>Source Files\Agents</Filter>
    </ClCompile>
    <ClCompile Include="Entity.cpp">
      <Filter>Source Files\Agents</Filter>
    </ClCompile>
    <ClCompile Include="WindowClass.cpp">
      <Filter>Source Files\D2D</Filter>
    </ClCompile>
    <ClCompile Include="D2DClass.cpp">
      <Filter>Source Files\D2D</Filter>
    </ClCompile>
    <ClCompile Include="WeaponBase.cpp">
      <Filter>Source Files\Weapons</Filter>
    </ClCompile>
    <ClCompile Include="BasicWeapon.cpp">
      <Filter>Source Files\Weapons</Filter>
    </ClCompile>
    <ClCompile Include="UtilityBasedAI.cpp">
      <Filter>Source Files\Agents\Utility Based</Filter>
    </ClCompile>
    <ClCompile Include="AutomaticWeapon.cpp">
      <Filter>Source Files\Weapons</Filter>
    </ClCompile>
    <ClCompile Include="PistolWeapon.cpp">
      <Filter>Source Files\Weapons</Filter>
    </ClCompile>
    <ClCompile Include="ShotgunWeapon.cpp">
      <Filter>Source Files\Weapons</Filter>
    </ClCompile>
    <ClCompile Include="RocketLauncherWeapon.cpp">
      <Filter>Source Files\Weapons</Filter>
    </ClCompile>
    <ClCompile Include="Map.cpp">
      <Filter>Source Files\Map</Filter>
    </ClCompile>
    <ClCompile Include="AIFSM.cpp">
      <Filter>Source Files\Agents\FSM Based</Filter>
    </ClCompile>
    <ClCompile Include="FiniteStateMachine.cpp">
      <Filter>Source Files\Agents\FSM Based\StateMachine</Filter>
    </ClCompile>
    <ClCompile Include="FSMStateTransistionBase.cpp">
      <Filter>Source Files\Agents\FSM Based\StateMachine\Transistions</Filter>
    </ClCompile>
    <ClCompile Include="FSMStateBase.cpp">
      <Filter>Source Files\Agents\FSM Based\StateMachine\States</Filter>
    </ClCompile>
    <ClCompile Include="FSMStateTransistionOnSight.cpp">
      <Filter>Source Files\Agents\FSM Based\StateMachine\Transistions</Filter>
    </ClCompile>
    <ClCompile Include="FSMStateHealing.cpp">
      <Filter>Source Files\Agents\FSM Based\StateMachine\States</Filter>
    </ClCompile>
    <ClCompile Include="FSMStateMoving.cpp">
      <Filter>Source Files\Agents\FSM Based\StateMachine\States</Filter>
    </ClCompile>
    <ClCompile Include="FSMStateAttacking.cpp">
      <Filter>Source Files\Agents\FSM Based\StateMachine\States</Filter>
    </ClCompile>
    <ClCompile Include="FSMStateTransistionLowHealth.cpp">
      <Filter>Source Files\Agents\FSM Based\StateMachine\Transistions</Filter>
    </ClCompile>
    <ClCompile Include="FSMStateTransistionNoAmmo.cpp">
      <Filter>Source Files\Agents\FSM Based\StateMachine\Transistions</Filter>
    </ClCompile>
    <ClCompile Include="FSMStateReloading.cpp">
      <Filter>Source Files\Agents\FSM Based\StateMachine\States</Filter>
    </ClCompile>
    <ClCompile Include="FSMStateTransistionReloadingDone.cpp">
      <Filter>Source Files\Agents\FSM Based\StateMachine\Transistions</Filter>
    </ClCompile>
    <ClCompile Include="FSMStateTransistionHealthy.cpp">
      <Filter>Source Files\Agents\FSM Based\StateMachine\Transistions</Filter>
    </ClCompile>
    <ClCompile Include="FSMStateTransistionNoEnemy.cpp">
      <Filter>Source Files\Agents\FSM Based\StateMachine\Transistions</Filter>
    </ClCompile>
  </ItemGroup>
  <ItemGroup>
    <ClInclude Include="AISimulation.h">
      <Filter>Header Files</Filter>
    </ClInclude>
    <ClInclude Include="AIBase.h">
      <Filter>Header Files\Agents</Filter>
    </ClInclude>
    <ClInclude Include="WindowClass.h">
      <Filter>Header Files\D2D</Filter>
    </ClInclude>
    <ClInclude Include="D2DClass.h">
      <Filter>Header Files\D2D</Filter>
    </ClInclude>
    <ClInclude Include="Entity.h">
      <Filter>Header Files\Agents</Filter>
    </ClInclude>
    <ClInclude Include="BasicWeapon.h">
      <Filter>Header Files\Weapons</Filter>
    </ClInclude>
    <ClInclude Include="WeaponBase.h">
      <Filter>Header Files\Weapons</Filter>
    </ClInclude>
    <ClInclude Include="UtilityBasedAI.h">
      <Filter>Header Files\Agents\Utility Based</Filter>
    </ClInclude>
    <ClInclude Include="AutomaticWeapon.h">
      <Filter>Header Files\Weapons</Filter>
    </ClInclude>
    <ClInclude Include="PistolWeapon.h">
      <Filter>Header Files\Weapons</Filter>
    </ClInclude>
    <ClInclude Include="ShotgunWeapon.h">
      <Filter>Header Files\Weapons</Filter>
    </ClInclude>
    <ClInclude Include="RocketLauncherWeapon.h">
      <Filter>Header Files\Weapons</Filter>
    </ClInclude>
    <ClInclude Include="Map.h">
      <Filter>Header Files\Map</Filter>
    </ClInclude>
    <ClInclude Include="AIFSM.h">
      <Filter>Header Files\Agents\FSM Based</Filter>
    </ClInclude>
    <ClInclude Include="FiniteStateMachine.h">
      <Filter>Header Files\Agents\FSM Based\Statemachine</Filter>
    </ClInclude>
    <ClInclude Include="FSMStateTransistionBase.h">
      <Filter>Header Files\Agents\FSM Based\Statemachine\Transistions</Filter>
    </ClInclude>
    <ClInclude Include="FSMStateBase.h">
      <Filter>Header Files\Agents\FSM Based\Statemachine\States</Filter>
    </ClInclude>
    <ClInclude Include="FSMStateTransistionOnSight.h">
      <Filter>Header Files\Agents\FSM Based\Statemachine\Transistions</Filter>
    </ClInclude>
    <ClInclude Include="FSMStateHealing.h">
      <Filter>Header Files\Agents\FSM Based\Statemachine\States</Filter>
    </ClInclude>
    <ClInclude Include="FSMStateMoving.h">
      <Filter>Header Files\Agents\FSM Based\Statemachine\States</Filter>
    </ClInclude>
    <ClInclude Include="FSMStateAttacking.h">
      <Filter>Header Files\Agents\FSM Based\Statemachine\States</Filter>
    </ClInclude>
    <ClInclude Include="FSMStateTransistionNoAmmo.h">
      <Filter>Header Files\Agents\FSM Based\Statemachine\Transistions</Filter>
    </ClInclude>
    <ClInclude Include="FSMStateTransistionLowHealth.h">
      <Filter>Header Files\Agents\FSM Based\Statemachine\Transistions</Filter>
    </ClInclude>
    <ClInclude Include="FSMStateReloading.h">
      <Filter>Header Files\Agents\FSM Based\Statemachine\States</Filter>
    </ClInclude>
    <ClInclude Include="FSMStateTransistionReloadingDone.h">
      <Filter>Header Files\Agents\FSM Based\Statemachine\Transistions</Filter>
    </ClInclude>
    <ClInclude Include="FSMStateTransistionHealthy.h">
      <Filter>Header Files\Agents\FSM Based\Statemachine\Transistions</Filter>
    </ClInclude>
    <ClInclude Include="FSMStateTransistionNoEnemy.h">
      <Filter>Header Files\Agents\FSM Based\Statemachine\Transistions</Filter>
    </ClInclude>
  </ItemGroup>
  <ItemGroup>
    <Text Include="To Do.txt">
      <Filter>Resource Files</Filter>
    </Text>
  </ItemGroup>
</Project>